PODS:
  - SlideMenuControllerSwift (3.0.1)
  - SwiftyJSON (3.1.4)

DEPENDENCIES:
  - SlideMenuControllerSwift
  - SwiftyJSON

SPEC CHECKSUMS:
  SlideMenuControllerSwift: 9a163b16d54afab734add42858cba7ef7c307755
  SwiftyJSON: c2842d878f95482ffceec5709abc3d05680c0220

PODFILE CHECKSUM: f4ff1f1124991a4ba8e1ee68df2c761ca4b42438

COCOAPODS: 1.2.1
