// !$*UTF8*$!
{
	archiveVersion = 1;
	classes = {
	};
	objectVersion = 46;
	objects = {

/* Begin PBXBuildFile section */
		575AFFE1FE4103005BCE9FBF /* Pods_SIMSUITests.framework in Frameworks */ = {isa = PBXBuildFile; fileRef = F84FCBE9F9DC505ED45B8546 /* Pods_SIMSUITests.framework */; };
		610674B138D0659A1449E2D3 /* Pods_SIMS.framework in Frameworks */ = {isa = PBXBuildFile; fileRef = 362903B7AF84DD3A528AD6F3 /* Pods_SIMS.framework */; };
		890953766088D321F6BA64D8 /* Pods_SIMSTests.framework in Frameworks */ = {isa = PBXBuildFile; fileRef = ADD66A4BC578177BDD22764D /* Pods_SIMSTests.framework */; };
		9F0B0A611EC0CFB6004C23F4 /* MapKit.framework in Frameworks */ = {isa = PBXBuildFile; fileRef = 9F0B0A601EC0CFB6004C23F4 /* MapKit.framework */; };
		9F4780E91EC40FC2008CEEEB /* ViewProfileViewController.swift in Sources */ = {isa = PBXBuildFile; fileRef = 9F4780E81EC40FC2008CEEEB /* ViewProfileViewController.swift */; };
		9FDC26021EC14ED00075D38E /* FirstViewController.swift in Sources */ = {isa = PBXBuildFile; fileRef = 9FDC26011EC14ED00075D38E /* FirstViewController.swift */; };
		9FE5D5061ECA95AC00B501B6 /* ErrorMessageBannerView.swift in Sources */ = {isa = PBXBuildFile; fileRef = 9FE5D5041ECA95AC00B501B6 /* ErrorMessageBannerView.swift */; };
		9FE5D5071ECA95AC00B501B6 /* ErrorMessageBannerView.xib in Resources */ = {isa = PBXBuildFile; fileRef = 9FE5D5051ECA95AC00B501B6 /* ErrorMessageBannerView.xib */; };
		9FE5D5091ECA976100B501B6 /* UIFontExtension.swift in Sources */ = {isa = PBXBuildFile; fileRef = 9FE5D5081ECA976100B501B6 /* UIFontExtension.swift */; };
		9FFAE2951EBEBCED00B69501 /* AppDelegate.swift in Sources */ = {isa = PBXBuildFile; fileRef = 9FFAE2941EBEBCED00B69501 /* AppDelegate.swift */; };
		9FFAE29A1EBEBCED00B69501 /* Main.storyboard in Resources */ = {isa = PBXBuildFile; fileRef = 9FFAE2981EBEBCED00B69501 /* Main.storyboard */; };
		9FFAE29C1EBEBCED00B69501 /* Assets.xcassets in Resources */ = {isa = PBXBuildFile; fileRef = 9FFAE29B1EBEBCED00B69501 /* Assets.xcassets */; };
		9FFAE29F1EBEBCED00B69501 /* LaunchScreen.storyboard in Resources */ = {isa = PBXBuildFile; fileRef = 9FFAE29D1EBEBCED00B69501 /* LaunchScreen.storyboard */; };
		9FFAE2AA1EBEBCEE00B69501 /* SIMSTests.swift in Sources */ = {isa = PBXBuildFile; fileRef = 9FFAE2A91EBEBCEE00B69501 /* SIMSTests.swift */; };
		9FFAE2B51EBEBCEE00B69501 /* SIMSUITests.swift in Sources */ = {isa = PBXBuildFile; fileRef = 9FFAE2B41EBEBCEE00B69501 /* SIMSUITests.swift */; };
		9FFAE2C31EBEC11600B69501 /* LoginTableViewController.swift in Sources */ = {isa = PBXBuildFile; fileRef = 9FFAE2C21EBEC11600B69501 /* LoginTableViewController.swift */; };
		9FFAE2C51EBF05F400B69501 /* RegistrationTableViewController.swift in Sources */ = {isa = PBXBuildFile; fileRef = 9FFAE2C41EBF05F400B69501 /* RegistrationTableViewController.swift */; };
		9FFAE2C71EBF340000B69501 /* Dashboard.storyboard in Resources */ = {isa = PBXBuildFile; fileRef = 9FFAE2C61EBF340000B69501 /* Dashboard.storyboard */; };
		9FFAE2C91EBF357100B69501 /* DashboardViewController.swift in Sources */ = {isa = PBXBuildFile; fileRef = 9FFAE2C81EBF357100B69501 /* DashboardViewController.swift */; };
		9FFAE2CB1EBF3ABD00B69501 /* LeftMenuViewController.swift in Sources */ = {isa = PBXBuildFile; fileRef = 9FFAE2CA1EBF3ABD00B69501 /* LeftMenuViewController.swift */; };
		9FFAE2CD1EBF516D00B69501 /* CheckOTPTableViewController.swift in Sources */ = {isa = PBXBuildFile; fileRef = 9FFAE2CC1EBF516D00B69501 /* CheckOTPTableViewController.swift */; };
		9FFAE2CF1EBF5F0500B69501 /* ViewControllerExtension.swift in Sources */ = {isa = PBXBuildFile; fileRef = 9FFAE2CE1EBF5F0500B69501 /* ViewControllerExtension.swift */; };
		9FFAE2D11EBF667700B69501 /* Route.swift in Sources */ = {isa = PBXBuildFile; fileRef = 9FFAE2D01EBF667700B69501 /* Route.swift */; };
		9FFAE2D31EBF6B3800B69501 /* APICaller.swift in Sources */ = {isa = PBXBuildFile; fileRef = 9FFAE2D21EBF6B3800B69501 /* APICaller.swift */; };
		9FFAE2D51EBF73D600B69501 /* UIApplicationExtension.swift in Sources */ = {isa = PBXBuildFile; fileRef = 9FFAE2D41EBF73D600B69501 /* UIApplicationExtension.swift */; };
		9FFAE2D71EBF817D00B69501 /* JsonParser.swift in Sources */ = {isa = PBXBuildFile; fileRef = 9FFAE2D61EBF817D00B69501 /* JsonParser.swift */; };
		9FFAE2DA1EBF81D100B69501 /* Member.swift in Sources */ = {isa = PBXBuildFile; fileRef = 9FFAE2D91EBF81D100B69501 /* Member.swift */; };
/* End PBXBuildFile section */

/* Begin PBXContainerItemProxy section */
		9FFAE2A61EBEBCEE00B69501 /* PBXContainerItemProxy */ = {
			isa = PBXContainerItemProxy;
			containerPortal = 9FFAE2891EBEBCED00B69501 /* Project object */;
			proxyType = 1;
			remoteGlobalIDString = 9FFAE2901EBEBCED00B69501;
			remoteInfo = SIMS;
		};
		9FFAE2B11EBEBCEE00B69501 /* PBXContainerItemProxy */ = {
			isa = PBXContainerItemProxy;
			containerPortal = 9FFAE2891EBEBCED00B69501 /* Project object */;
			proxyType = 1;
			remoteGlobalIDString = 9FFAE2901EBEBCED00B69501;
			remoteInfo = SIMS;
		};
/* End PBXContainerItemProxy section */

/* Begin PBXFileReference section */
		0028E3487559201B5439AEA3 /* Pods-SIMSUITests.debug.xcconfig */ = {isa = PBXFileReference; includeInIndex = 1; lastKnownFileType = text.xcconfig; name = "Pods-SIMSUITests.debug.xcconfig"; path = "Pods/Target Support Files/Pods-SIMSUITests/Pods-SIMSUITests.debug.xcconfig"; sourceTree = "<group>"; };
		0FE9041C93A89154024EDAC4 /* Pods-SIMS.release.xcconfig */ = {isa = PBXFileReference; includeInIndex = 1; lastKnownFileType = text.xcconfig; name = "Pods-SIMS.release.xcconfig"; path = "Pods/Target Support Files/Pods-SIMS/Pods-SIMS.release.xcconfig"; sourceTree = "<group>"; };
		362903B7AF84DD3A528AD6F3 /* Pods_SIMS.framework */ = {isa = PBXFileReference; explicitFileType = wrapper.framework; includeInIndex = 0; path = Pods_SIMS.framework; sourceTree = BUILT_PRODUCTS_DIR; };
		44456AEA7432E2195057F973 /* Pods-SIMSTests.debug.xcconfig */ = {isa = PBXFileReference; includeInIndex = 1; lastKnownFileType = text.xcconfig; name = "Pods-SIMSTests.debug.xcconfig"; path = "Pods/Target Support Files/Pods-SIMSTests/Pods-SIMSTests.debug.xcconfig"; sourceTree = "<group>"; };
		9F0B0A601EC0CFB6004C23F4 /* MapKit.framework */ = {isa = PBXFileReference; lastKnownFileType = wrapper.framework; name = MapKit.framework; path = System/Library/Frameworks/MapKit.framework; sourceTree = SDKROOT; };
		9F4780E81EC40FC2008CEEEB /* ViewProfileViewController.swift */ = {isa = PBXFileReference; fileEncoding = 4; lastKnownFileType = sourcecode.swift; path = ViewProfileViewController.swift; sourceTree = "<group>"; };
		9FDC26011EC14ED00075D38E /* FirstViewController.swift */ = {isa = PBXFileReference; fileEncoding = 4; lastKnownFileType = sourcecode.swift; path = FirstViewController.swift; sourceTree = "<group>"; };
		9FE5D5041ECA95AC00B501B6 /* ErrorMessageBannerView.swift */ = {isa = PBXFileReference; fileEncoding = 4; lastKnownFileType = sourcecode.swift; name = ErrorMessageBannerView.swift; path = "Error Banner/ErrorMessageBannerView.swift"; sourceTree = "<group>"; };
		9FE5D5051ECA95AC00B501B6 /* ErrorMessageBannerView.xib */ = {isa = PBXFileReference; fileEncoding = 4; lastKnownFileType = file.xib; name = ErrorMessageBannerView.xib; path = "Error Banner/ErrorMessageBannerView.xib"; sourceTree = "<group>"; };
		9FE5D5081ECA976100B501B6 /* UIFontExtension.swift */ = {isa = PBXFileReference; fileEncoding = 4; lastKnownFileType = sourcecode.swift; name = UIFontExtension.swift; path = Extensions/UIFontExtension.swift; sourceTree = "<group>"; };
		9FFAE2911EBEBCED00B69501 /* SIMS.app */ = {isa = PBXFileReference; explicitFileType = wrapper.application; includeInIndex = 0; path = SIMS.app; sourceTree = BUILT_PRODUCTS_DIR; };
		9FFAE2941EBEBCED00B69501 /* AppDelegate.swift */ = {isa = PBXFileReference; lastKnownFileType = sourcecode.swift; path = AppDelegate.swift; sourceTree = "<group>"; };
		9FFAE2991EBEBCED00B69501 /* Base */ = {isa = PBXFileReference; lastKnownFileType = file.storyboard; name = Base; path = Base.lproj/Main.storyboard; sourceTree = "<group>"; };
		9FFAE29B1EBEBCED00B69501 /* Assets.xcassets */ = {isa = PBXFileReference; lastKnownFileType = folder.assetcatalog; path = Assets.xcassets; sourceTree = "<group>"; };
		9FFAE29E1EBEBCED00B69501 /* Base */ = {isa = PBXFileReference; lastKnownFileType = file.storyboard; name = Base; path = Base.lproj/LaunchScreen.storyboard; sourceTree = "<group>"; };
		9FFAE2A01EBEBCED00B69501 /* Info.plist */ = {isa = PBXFileReference; lastKnownFileType = text.plist.xml; path = Info.plist; sourceTree = "<group>"; };
		9FFAE2A51EBEBCEE00B69501 /* SIMSTests.xctest */ = {isa = PBXFileReference; explicitFileType = wrapper.cfbundle; includeInIndex = 0; path = SIMSTests.xctest; sourceTree = BUILT_PRODUCTS_DIR; };
		9FFAE2A91EBEBCEE00B69501 /* SIMSTests.swift */ = {isa = PBXFileReference; lastKnownFileType = sourcecode.swift; path = SIMSTests.swift; sourceTree = "<group>"; };
		9FFAE2AB1EBEBCEE00B69501 /* Info.plist */ = {isa = PBXFileReference; lastKnownFileType = text.plist.xml; path = Info.plist; sourceTree = "<group>"; };
		9FFAE2B01EBEBCEE00B69501 /* SIMSUITests.xctest */ = {isa = PBXFileReference; explicitFileType = wrapper.cfbundle; includeInIndex = 0; path = SIMSUITests.xctest; sourceTree = BUILT_PRODUCTS_DIR; };
		9FFAE2B41EBEBCEE00B69501 /* SIMSUITests.swift */ = {isa = PBXFileReference; lastKnownFileType = sourcecode.swift; path = SIMSUITests.swift; sourceTree = "<group>"; };
		9FFAE2B61EBEBCEE00B69501 /* Info.plist */ = {isa = PBXFileReference; lastKnownFileType = text.plist.xml; path = Info.plist; sourceTree = "<group>"; };
		9FFAE2C21EBEC11600B69501 /* LoginTableViewController.swift */ = {isa = PBXFileReference; fileEncoding = 4; lastKnownFileType = sourcecode.swift; path = LoginTableViewController.swift; sourceTree = "<group>"; };
		9FFAE2C41EBF05F400B69501 /* RegistrationTableViewController.swift */ = {isa = PBXFileReference; fileEncoding = 4; lastKnownFileType = sourcecode.swift; path = RegistrationTableViewController.swift; sourceTree = "<group>"; };
		9FFAE2C61EBF340000B69501 /* Dashboard.storyboard */ = {isa = PBXFileReference; fileEncoding = 4; lastKnownFileType = file.storyboard; path = Dashboard.storyboard; sourceTree = "<group>"; };
		9FFAE2C81EBF357100B69501 /* DashboardViewController.swift */ = {isa = PBXFileReference; fileEncoding = 4; lastKnownFileType = sourcecode.swift; path = DashboardViewController.swift; sourceTree = "<group>"; };
		9FFAE2CA1EBF3ABD00B69501 /* LeftMenuViewController.swift */ = {isa = PBXFileReference; fileEncoding = 4; lastKnownFileType = sourcecode.swift; path = LeftMenuViewController.swift; sourceTree = "<group>"; };
		9FFAE2CC1EBF516D00B69501 /* CheckOTPTableViewController.swift */ = {isa = PBXFileReference; fileEncoding = 4; lastKnownFileType = sourcecode.swift; path = CheckOTPTableViewController.swift; sourceTree = "<group>"; };
		9FFAE2CE1EBF5F0500B69501 /* ViewControllerExtension.swift */ = {isa = PBXFileReference; fileEncoding = 4; lastKnownFileType = sourcecode.swift; path = ViewControllerExtension.swift; sourceTree = "<group>"; };
		9FFAE2D01EBF667700B69501 /* Route.swift */ = {isa = PBXFileReference; fileEncoding = 4; lastKnownFileType = sourcecode.swift; path = Route.swift; sourceTree = "<group>"; };
		9FFAE2D21EBF6B3800B69501 /* APICaller.swift */ = {isa = PBXFileReference; fileEncoding = 4; lastKnownFileType = sourcecode.swift; path = APICaller.swift; sourceTree = "<group>"; };
		9FFAE2D41EBF73D600B69501 /* UIApplicationExtension.swift */ = {isa = PBXFileReference; fileEncoding = 4; lastKnownFileType = sourcecode.swift; path = UIApplicationExtension.swift; sourceTree = "<group>"; };
		9FFAE2D61EBF817D00B69501 /* JsonParser.swift */ = {isa = PBXFileReference; fileEncoding = 4; lastKnownFileType = sourcecode.swift; path = JsonParser.swift; sourceTree = "<group>"; };
		9FFAE2D91EBF81D100B69501 /* Member.swift */ = {isa = PBXFileReference; fileEncoding = 4; lastKnownFileType = sourcecode.swift; name = Member.swift; path = Models/Member.swift; sourceTree = "<group>"; };
		ABB3C461EFFB8C554B871675 /* Pods-SIMS.debug.xcconfig */ = {isa = PBXFileReference; includeInIndex = 1; lastKnownFileType = text.xcconfig; name = "Pods-SIMS.debug.xcconfig"; path = "Pods/Target Support Files/Pods-SIMS/Pods-SIMS.debug.xcconfig"; sourceTree = "<group>"; };
		ADD66A4BC578177BDD22764D /* Pods_SIMSTests.framework */ = {isa = PBXFileReference; explicitFileType = wrapper.framework; includeInIndex = 0; path = Pods_SIMSTests.framework; sourceTree = BUILT_PRODUCTS_DIR; };
		EA9AAD83912E6E9237BE307C /* Pods-SIMSTests.release.xcconfig */ = {isa = PBXFileReference; includeInIndex = 1; lastKnownFileType = text.xcconfig; name = "Pods-SIMSTests.release.xcconfig"; path = "Pods/Target Support Files/Pods-SIMSTests/Pods-SIMSTests.release.xcconfig"; sourceTree = "<group>"; };
		F63654B43BFC21D26BDB1FAE /* Pods-SIMSUITests.release.xcconfig */ = {isa = PBXFileReference; includeInIndex = 1; lastKnownFileType = text.xcconfig; name = "Pods-SIMSUITests.release.xcconfig"; path = "Pods/Target Support Files/Pods-SIMSUITests/Pods-SIMSUITests.release.xcconfig"; sourceTree = "<group>"; };
		F84FCBE9F9DC505ED45B8546 /* Pods_SIMSUITests.framework */ = {isa = PBXFileReference; explicitFileType = wrapper.framework; includeInIndex = 0; path = Pods_SIMSUITests.framework; sourceTree = BUILT_PRODUCTS_DIR; };
/* End PBXFileReference section */

/* Begin PBXFrameworksBuildPhase section */
		9FFAE28E1EBEBCED00B69501 /* Frameworks */ = {
			isa = PBXFrameworksBuildPhase;
			buildActionMask = 2147483647;
			files = (
				9F0B0A611EC0CFB6004C23F4 /* MapKit.framework in Frameworks */,
				610674B138D0659A1449E2D3 /* Pods_SIMS.framework in Frameworks */,
			);
			runOnlyForDeploymentPostprocessing = 0;
		};
		9FFAE2A21EBEBCEE00B69501 /* Frameworks */ = {
			isa = PBXFrameworksBuildPhase;
			buildActionMask = 2147483647;
			files = (
				890953766088D321F6BA64D8 /* Pods_SIMSTests.framework in Frameworks */,
			);
			runOnlyForDeploymentPostprocessing = 0;
		};
		9FFAE2AD1EBEBCEE00B69501 /* Frameworks */ = {
			isa = PBXFrameworksBuildPhase;
			buildActionMask = 2147483647;
			files = (
				575AFFE1FE4103005BCE9FBF /* Pods_SIMSUITests.framework in Frameworks */,
			);
			runOnlyForDeploymentPostprocessing = 0;
		};
/* End PBXFrameworksBuildPhase section */

/* Begin PBXGroup section */
		4DE92F13904526B941F49F16 /* Frameworks */ = {
			isa = PBXGroup;
			children = (
				9F0B0A601EC0CFB6004C23F4 /* MapKit.framework */,
				362903B7AF84DD3A528AD6F3 /* Pods_SIMS.framework */,
				ADD66A4BC578177BDD22764D /* Pods_SIMSTests.framework */,
				F84FCBE9F9DC505ED45B8546 /* Pods_SIMSUITests.framework */,
			);
			name = Frameworks;
			sourceTree = "<group>";
		};
		9DB42FC7232FE39E62EF7613 /* Pods */ = {
			isa = PBXGroup;
			children = (
				ABB3C461EFFB8C554B871675 /* Pods-SIMS.debug.xcconfig */,
				0FE9041C93A89154024EDAC4 /* Pods-SIMS.release.xcconfig */,
				44456AEA7432E2195057F973 /* Pods-SIMSTests.debug.xcconfig */,
				EA9AAD83912E6E9237BE307C /* Pods-SIMSTests.release.xcconfig */,
				0028E3487559201B5439AEA3 /* Pods-SIMSUITests.debug.xcconfig */,
				F63654B43BFC21D26BDB1FAE /* Pods-SIMSUITests.release.xcconfig */,
			);
			name = Pods;
			sourceTree = "<group>";
		};
		9FE5D5031ECA959B00B501B6 /* Error Banner */ = {
			isa = PBXGroup;
			children = (
				9FE5D5041ECA95AC00B501B6 /* ErrorMessageBannerView.swift */,
				9FE5D5051ECA95AC00B501B6 /* ErrorMessageBannerView.xib */,
			);
			name = "Error Banner";
			sourceTree = "<group>";
		};
		9FFAE2881EBEBCED00B69501 = {
			isa = PBXGroup;
			children = (
				9FFAE2931EBEBCED00B69501 /* SIMS */,
				9FFAE2A81EBEBCEE00B69501 /* SIMSTests */,
				9FFAE2B31EBEBCEE00B69501 /* SIMSUITests */,
				9FFAE2921EBEBCED00B69501 /* Products */,
				9DB42FC7232FE39E62EF7613 /* Pods */,
				4DE92F13904526B941F49F16 /* Frameworks */,
			);
			sourceTree = "<group>";
		};
		9FFAE2921EBEBCED00B69501 /* Products */ = {
			isa = PBXGroup;
			children = (
				9FFAE2911EBEBCED00B69501 /* SIMS.app */,
				9FFAE2A51EBEBCEE00B69501 /* SIMSTests.xctest */,
				9FFAE2B01EBEBCEE00B69501 /* SIMSUITests.xctest */,
			);
			name = Products;
			sourceTree = "<group>";
		};
		9FFAE2931EBEBCED00B69501 /* SIMS */ = {
			isa = PBXGroup;
			children = (
				9FE5D5031ECA959B00B501B6 /* Error Banner */,
				9FFAE2D81EBF819900B69501 /* Models */,
				9FFAE2941EBEBCED00B69501 /* AppDelegate.swift */,
				9FFAE2981EBEBCED00B69501 /* Main.storyboard */,
				9FDC26011EC14ED00075D38E /* FirstViewController.swift */,
				9FFAE2C21EBEC11600B69501 /* LoginTableViewController.swift */,
				9FFAE2C41EBF05F400B69501 /* RegistrationTableViewController.swift */,
				9FFAE2CC1EBF516D00B69501 /* CheckOTPTableViewController.swift */,
				9FFAE2C61EBF340000B69501 /* Dashboard.storyboard */,
				9FFAE2C81EBF357100B69501 /* DashboardViewController.swift */,
				9FFAE2CA1EBF3ABD00B69501 /* LeftMenuViewController.swift */,
				9F4780E81EC40FC2008CEEEB /* ViewProfileViewController.swift */,
				9FFAE29B1EBEBCED00B69501 /* Assets.xcassets */,
				9FFAE29D1EBEBCED00B69501 /* LaunchScreen.storyboard */,
				9FFAE2A01EBEBCED00B69501 /* Info.plist */,
				9FFAE2CE1EBF5F0500B69501 /* ViewControllerExtension.swift */,
				9FFAE2D41EBF73D600B69501 /* UIApplicationExtension.swift */,
				9FFAE2D01EBF667700B69501 /* Route.swift */,
				9FFAE2D21EBF6B3800B69501 /* APICaller.swift */,
				9FFAE2D61EBF817D00B69501 /* JsonParser.swift */,
				9FE5D5081ECA976100B501B6 /* UIFontExtension.swift */,
			);
			path = SIMS;
			sourceTree = "<group>";
		};
		9FFAE2A81EBEBCEE00B69501 /* SIMSTests */ = {
			isa = PBXGroup;
			children = (
				9FFAE2A91EBEBCEE00B69501 /* SIMSTests.swift */,
				9FFAE2AB1EBEBCEE00B69501 /* Info.plist */,
			);
			path = SIMSTests;
			sourceTree = "<group>";
		};
		9FFAE2B31EBEBCEE00B69501 /* SIMSUITests */ = {
			isa = PBXGroup;
			children = (
				9FFAE2B41EBEBCEE00B69501 /* SIMSUITests.swift */,
				9FFAE2B61EBEBCEE00B69501 /* Info.plist */,
			);
			path = SIMSUITests;
			sourceTree = "<group>";
		};
		9FFAE2D81EBF819900B69501 /* Models */ = {
			isa = PBXGroup;
			children = (
				9FFAE2D91EBF81D100B69501 /* Member.swift */,
			);
			name = Models;
			sourceTree = "<group>";
		};
/* End PBXGroup section */

/* Begin PBXNativeTarget section */
		9FFAE2901EBEBCED00B69501 /* SIMS */ = {
			isa = PBXNativeTarget;
			buildConfigurationList = 9FFAE2B91EBEBCEE00B69501 /* Build configuration list for PBXNativeTarget "SIMS" */;
			buildPhases = (
				6B6CF8C45A86C92A0ABDDE0E /* [CP] Check Pods Manifest.lock */,
				9FFAE28D1EBEBCED00B69501 /* Sources */,
				9FFAE28E1EBEBCED00B69501 /* Frameworks */,
				9FFAE28F1EBEBCED00B69501 /* Resources */,
				BA9166C7E2254EB371DE3788 /* [CP] Embed Pods Frameworks */,
				5AA1FEA4E116A8583BF8F925 /* [CP] Copy Pods Resources */,
			);
			buildRules = (
			);
			dependencies = (
			);
			name = SIMS;
			productName = SIMS;
			productReference = 9FFAE2911EBEBCED00B69501 /* SIMS.app */;
			productType = "com.apple.product-type.application";
		};
		9FFAE2A41EBEBCEE00B69501 /* SIMSTests */ = {
			isa = PBXNativeTarget;
			buildConfigurationList = 9FFAE2BC1EBEBCEE00B69501 /* Build configuration list for PBXNativeTarget "SIMSTests" */;
			buildPhases = (
				FED98E6F50ECE9BF02FB35BB /* [CP] Check Pods Manifest.lock */,
				9FFAE2A11EBEBCEE00B69501 /* Sources */,
				9FFAE2A21EBEBCEE00B69501 /* Frameworks */,
				9FFAE2A31EBEBCEE00B69501 /* Resources */,
				D8973F3C39631C8E6C7C7A66 /* [CP] Embed Pods Frameworks */,
				D604950E91649A1012EB3A5C /* [CP] Copy Pods Resources */,
			);
			buildRules = (
			);
			dependencies = (
				9FFAE2A71EBEBCEE00B69501 /* PBXTargetDependency */,
			);
			name = SIMSTests;
			productName = SIMSTests;
			productReference = 9FFAE2A51EBEBCEE00B69501 /* SIMSTests.xctest */;
			productType = "com.apple.product-type.bundle.unit-test";
		};
		9FFAE2AF1EBEBCEE00B69501 /* SIMSUITests */ = {
			isa = PBXNativeTarget;
			buildConfigurationList = 9FFAE2BF1EBEBCEE00B69501 /* Build configuration list for PBXNativeTarget "SIMSUITests" */;
			buildPhases = (
				83B8561B3D59906B7CB8BBE7 /* [CP] Check Pods Manifest.lock */,
				9FFAE2AC1EBEBCEE00B69501 /* Sources */,
				9FFAE2AD1EBEBCEE00B69501 /* Frameworks */,
				9FFAE2AE1EBEBCEE00B69501 /* Resources */,
				2585BC26F28757715059150C /* [CP] Embed Pods Frameworks */,
				DEBF78263A7E7CB2D131B716 /* [CP] Copy Pods Resources */,
			);
			buildRules = (
			);
			dependencies = (
				9FFAE2B21EBEBCEE00B69501 /* PBXTargetDependency */,
			);
			name = SIMSUITests;
			productName = SIMSUITests;
			productReference = 9FFAE2B01EBEBCEE00B69501 /* SIMSUITests.xctest */;
			productType = "com.apple.product-type.bundle.ui-testing";
		};
/* End PBXNativeTarget section */

/* Begin PBXProject section */
		9FFAE2891EBEBCED00B69501 /* Project object */ = {
			isa = PBXProject;
			attributes = {
				LastSwiftUpdateCheck = 0830;
				LastUpgradeCheck = 0830;
				ORGANIZATIONNAME = sims;
				TargetAttributes = {
					9FFAE2901EBEBCED00B69501 = {
						CreatedOnToolsVersion = 8.3.2;
						DevelopmentTeam = RGTN4B5ZHY;
						ProvisioningStyle = Automatic;
					};
					9FFAE2A41EBEBCEE00B69501 = {
						CreatedOnToolsVersion = 8.3.2;
						ProvisioningStyle = Automatic;
						TestTargetID = 9FFAE2901EBEBCED00B69501;
					};
					9FFAE2AF1EBEBCEE00B69501 = {
						CreatedOnToolsVersion = 8.3.2;
						ProvisioningStyle = Automatic;
						TestTargetID = 9FFAE2901EBEBCED00B69501;
					};
				};
			};
			buildConfigurationList = 9FFAE28C1EBEBCED00B69501 /* Build configuration list for PBXProject "SIMS" */;
			compatibilityVersion = "Xcode 3.2";
			developmentRegion = English;
			hasScannedForEncodings = 0;
			knownRegions = (
				en,
				Base,
			);
			mainGroup = 9FFAE2881EBEBCED00B69501;
			productRefGroup = 9FFAE2921EBEBCED00B69501 /* Products */;
			projectDirPath = "";
			projectRoot = "";
			targets = (
				9FFAE2901EBEBCED00B69501 /* SIMS */,
				9FFAE2A41EBEBCEE00B69501 /* SIMSTests */,
				9FFAE2AF1EBEBCEE00B69501 /* SIMSUITests */,
			);
		};
/* End PBXProject section */

/* Begin PBXResourcesBuildPhase section */
		9FFAE28F1EBEBCED00B69501 /* Resources */ = {
			isa = PBXResourcesBuildPhase;
			buildActionMask = 2147483647;
			files = (
				9FFAE29F1EBEBCED00B69501 /* LaunchScreen.storyboard in Resources */,
				9FFAE29C1EBEBCED00B69501 /* Assets.xcassets in Resources */,
				9FFAE29A1EBEBCED00B69501 /* Main.storyboard in Resources */,
				9FE5D5071ECA95AC00B501B6 /* ErrorMessageBannerView.xib in Resources */,
				9FFAE2C71EBF340000B69501 /* Dashboard.storyboard in Resources */,
			);
			runOnlyForDeploymentPostprocessing = 0;
		};
		9FFAE2A31EBEBCEE00B69501 /* Resources */ = {
			isa = PBXResourcesBuildPhase;
			buildActionMask = 2147483647;
			files = (
			);
			runOnlyForDeploymentPostprocessing = 0;
		};
		9FFAE2AE1EBEBCEE00B69501 /* Resources */ = {
			isa = PBXResourcesBuildPhase;
			buildActionMask = 2147483647;
			files = (
			);
			runOnlyForDeploymentPostprocessing = 0;
		};
/* End PBXResourcesBuildPhase section */

/* Begin PBXShellScriptBuildPhase section */
		2585BC26F28757715059150C /* [CP] Embed Pods Frameworks */ = {
			isa = PBXShellScriptBuildPhase;
			buildActionMask = 2147483647;
			files = (
			);
			inputPaths = (
			);
			name = "[CP] Embed Pods Frameworks";
			outputPaths = (
			);
			runOnlyForDeploymentPostprocessing = 0;
			shellPath = /bin/sh;
			shellScript = "\"${SRCROOT}/Pods/Target Support Files/Pods-SIMSUITests/Pods-SIMSUITests-frameworks.sh\"\n";
			showEnvVarsInLog = 0;
		};
		5AA1FEA4E116A8583BF8F925 /* [CP] Copy Pods Resources */ = {
			isa = PBXShellScriptBuildPhase;
			buildActionMask = 2147483647;
			files = (
			);
			inputPaths = (
			);
			name = "[CP] Copy Pods Resources";
			outputPaths = (
			);
			runOnlyForDeploymentPostprocessing = 0;
			shellPath = /bin/sh;
			shellScript = "\"${SRCROOT}/Pods/Target Support Files/Pods-SIMS/Pods-SIMS-resources.sh\"\n";
			showEnvVarsInLog = 0;
		};
		6B6CF8C45A86C92A0ABDDE0E /* [CP] Check Pods Manifest.lock */ = {
			isa = PBXShellScriptBuildPhase;
			buildActionMask = 2147483647;
			files = (
			);
			inputPaths = (
			);
			name = "[CP] Check Pods Manifest.lock";
			outputPaths = (
			);
			runOnlyForDeploymentPostprocessing = 0;
			shellPath = /bin/sh;
			shellScript = "diff \"${PODS_PODFILE_DIR_PATH}/Podfile.lock\" \"${PODS_ROOT}/Manifest.lock\" > /dev/null\nif [ $? != 0 ] ; then\n    # print error to STDERR\n    echo \"error: The sandbox is not in sync with the Podfile.lock. Run 'pod install' or update your CocoaPods installation.\" >&2\n    exit 1\nfi\n";
			showEnvVarsInLog = 0;
		};
		83B8561B3D59906B7CB8BBE7 /* [CP] Check Pods Manifest.lock */ = {
			isa = PBXShellScriptBuildPhase;
			buildActionMask = 2147483647;
			files = (
			);
			inputPaths = (
			);
			name = "[CP] Check Pods Manifest.lock";
			outputPaths = (
			);
			runOnlyForDeploymentPostprocessing = 0;
			shellPath = /bin/sh;
			shellScript = "diff \"${PODS_PODFILE_DIR_PATH}/Podfile.lock\" \"${PODS_ROOT}/Manifest.lock\" > /dev/null\nif [ $? != 0 ] ; then\n    # print error to STDERR\n    echo \"error: The sandbox is not in sync with the Podfile.lock. Run 'pod install' or update your CocoaPods installation.\" >&2\n    exit 1\nfi\n";
			showEnvVarsInLog = 0;
		};
		BA9166C7E2254EB371DE3788 /* [CP] Embed Pods Frameworks */ = {
			isa = PBXShellScriptBuildPhase;
			buildActionMask = 2147483647;
			files = (
			);
			inputPaths = (
			);
			name = "[CP] Embed Pods Frameworks";
			outputPaths = (
			);
			runOnlyForDeploymentPostprocessing = 0;
			shellPath = /bin/sh;
			shellScript = "\"${SRCROOT}/Pods/Target Support Files/Pods-SIMS/Pods-SIMS-frameworks.sh\"\n";
			showEnvVarsInLog = 0;
		};
		D604950E91649A1012EB3A5C /* [CP] Copy Pods Resources */ = {
			isa = PBXShellScriptBuildPhase;
			buildActionMask = 2147483647;
			files = (
			);
			inputPaths = (
			);
			name = "[CP] Copy Pods Resources";
			outputPaths = (
			);
			runOnlyForDeploymentPostprocessing = 0;
			shellPath = /bin/sh;
			shellScript = "\"${SRCROOT}/Pods/Target Support Files/Pods-SIMSTests/Pods-SIMSTests-resources.sh\"\n";
			showEnvVarsInLog = 0;
		};
		D8973F3C39631C8E6C7C7A66 /* [CP] Embed Pods Frameworks */ = {
			isa = PBXShellScriptBuildPhase;
			buildActionMask = 2147483647;
			files = (
			);
			inputPaths = (
			);
			name = "[CP] Embed Pods Frameworks";
			outputPaths = (
			);
			runOnlyForDeploymentPostprocessing = 0;
			shellPath = /bin/sh;
			shellScript = "\"${SRCROOT}/Pods/Target Support Files/Pods-SIMSTests/Pods-SIMSTests-frameworks.sh\"\n";
			showEnvVarsInLog = 0;
		};
		DEBF78263A7E7CB2D131B716 /* [CP] Copy Pods Resources */ = {
			isa = PBXShellScriptBuildPhase;
			buildActionMask = 2147483647;
			files = (
			);
			inputPaths = (
			);
			name = "[CP] Copy Pods Resources";
			outputPaths = (
			);
			runOnlyForDeploymentPostprocessing = 0;
			shellPath = /bin/sh;
			shellScript = "\"${SRCROOT}/Pods/Target Support Files/Pods-SIMSUITests/Pods-SIMSUITests-resources.sh\"\n";
			showEnvVarsInLog = 0;
		};
		FED98E6F50ECE9BF02FB35BB /* [CP] Check Pods Manifest.lock */ = {
			isa = PBXShellScriptBuildPhase;
			buildActionMask = 2147483647;
			files = (
			);
			inputPaths = (
			);
			name = "[CP] Check Pods Manifest.lock";
			outputPaths = (
			);
			runOnlyForDeploymentPostprocessing = 0;
			shellPath = /bin/sh;
			shellScript = "diff \"${PODS_PODFILE_DIR_PATH}/Podfile.lock\" \"${PODS_ROOT}/Manifest.lock\" > /dev/null\nif [ $? != 0 ] ; then\n    # print error to STDERR\n    echo \"error: The sandbox is not in sync with the Podfile.lock. Run 'pod install' or update your CocoaPods installation.\" >&2\n    exit 1\nfi\n";
			showEnvVarsInLog = 0;
		};
/* End PBXShellScriptBuildPhase section */

/* Begin PBXSourcesBuildPhase section */
		9FFAE28D1EBEBCED00B69501 /* Sources */ = {
			isa = PBXSourcesBuildPhase;
			buildActionMask = 2147483647;
			files = (
				9FE5D5061ECA95AC00B501B6 /* ErrorMessageBannerView.swift in Sources */,
				9FFAE2951EBEBCED00B69501 /* AppDelegate.swift in Sources */,
				9FE5D5091ECA976100B501B6 /* UIFontExtension.swift in Sources */,
				9FFAE2CB1EBF3ABD00B69501 /* LeftMenuViewController.swift in Sources */,
				9FFAE2D51EBF73D600B69501 /* UIApplicationExtension.swift in Sources */,
				9FFAE2CF1EBF5F0500B69501 /* ViewControllerExtension.swift in Sources */,
				9FFAE2C91EBF357100B69501 /* DashboardViewController.swift in Sources */,
				9FDC26021EC14ED00075D38E /* FirstViewController.swift in Sources */,
				9FFAE2D31EBF6B3800B69501 /* APICaller.swift in Sources */,
				9FFAE2CD1EBF516D00B69501 /* CheckOTPTableViewController.swift in Sources */,
				9FFAE2DA1EBF81D100B69501 /* Member.swift in Sources */,
				9FFAE2D11EBF667700B69501 /* Route.swift in Sources */,
				9FFAE2C51EBF05F400B69501 /* RegistrationTableViewController.swift in Sources */,
				9F4780E91EC40FC2008CEEEB /* ViewProfileViewController.swift in Sources */,
				9FFAE2D71EBF817D00B69501 /* JsonParser.swift in Sources */,
				9FFAE2C31EBEC11600B69501 /* LoginTableViewController.swift in Sources */,
			);
			runOnlyForDeploymentPostprocessing = 0;
		};
		9FFAE2A11EBEBCEE00B69501 /* Sources */ = {
			isa = PBXSourcesBuildPhase;
			buildActionMask = 2147483647;
			files = (
				9FFAE2AA1EBEBCEE00B69501 /* SIMSTests.swift in Sources */,
			);
			runOnlyForDeploymentPostprocessing = 0;
		};
		9FFAE2AC1EBEBCEE00B69501 /* Sources */ = {
			isa = PBXSourcesBuildPhase;
			buildActionMask = 2147483647;
			files = (
				9FFAE2B51EBEBCEE00B69501 /* SIMSUITests.swift in Sources */,
			);
			runOnlyForDeploymentPostprocessing = 0;
		};
/* End PBXSourcesBuildPhase section */

/* Begin PBXTargetDependency section */
		9FFAE2A71EBEBCEE00B69501 /* PBXTargetDependency */ = {
			isa = PBXTargetDependency;
			target = 9FFAE2901EBEBCED00B69501 /* SIMS */;
			targetProxy = 9FFAE2A61EBEBCEE00B69501 /* PBXContainerItemProxy */;
		};
		9FFAE2B21EBEBCEE00B69501 /* PBXTargetDependency */ = {
			isa = PBXTargetDependency;
			target = 9FFAE2901EBEBCED00B69501 /* SIMS */;
			targetProxy = 9FFAE2B11EBEBCEE00B69501 /* PBXContainerItemProxy */;
		};
/* End PBXTargetDependency section */

/* Begin PBXVariantGroup section */
		9FFAE2981EBEBCED00B69501 /* Main.storyboard */ = {
			isa = PBXVariantGroup;
			children = (
				9FFAE2991EBEBCED00B69501 /* Base */,
			);
			name = Main.storyboard;
			sourceTree = "<group>";
		};
		9FFAE29D1EBEBCED00B69501 /* LaunchScreen.storyboard */ = {
			isa = PBXVariantGroup;
			children = (
				9FFAE29E1EBEBCED00B69501 /* Base */,
			);
			name = LaunchScreen.storyboard;
			sourceTree = "<group>";
		};
/* End PBXVariantGroup section */

/* Begin XCBuildConfiguration section */
		9FFAE2B71EBEBCEE00B69501 /* Debug */ = {
			isa = XCBuildConfiguration;
			buildSettings = {
				ALWAYS_SEARCH_USER_PATHS = NO;
				CLANG_ANALYZER_NONNULL = YES;
				CLANG_ANALYZER_NUMBER_OBJECT_CONVERSION = YES_AGGRESSIVE;
				CLANG_CXX_LANGUAGE_STANDARD = "gnu++0x";
				CLANG_CXX_LIBRARY = "libc++";
				CLANG_ENABLE_MODULES = YES;
				CLANG_ENABLE_OBJC_ARC = YES;
				CLANG_WARN_BOOL_CONVERSION = YES;
				CLANG_WARN_CONSTANT_CONVERSION = YES;
				CLANG_WARN_DIRECT_OBJC_ISA_USAGE = YES_ERROR;
				CLANG_WARN_DOCUMENTATION_COMMENTS = YES;
				CLANG_WARN_EMPTY_BODY = YES;
				CLANG_WARN_ENUM_CONVERSION = YES;
				CLANG_WARN_INFINITE_RECURSION = YES;
				CLANG_WARN_INT_CONVERSION = YES;
				CLANG_WARN_OBJC_ROOT_CLASS = YES_ERROR;
				CLANG_WARN_SUSPICIOUS_MOVE = YES;
				CLANG_WARN_UNREACHABLE_CODE = YES;
				CLANG_WARN__DUPLICATE_METHOD_MATCH = YES;
				"CODE_SIGN_IDENTITY[sdk=iphoneos*]" = "iPhone Developer";
				COPY_PHASE_STRIP = NO;
				DEBUG_INFORMATION_FORMAT = dwarf;
				ENABLE_STRICT_OBJC_MSGSEND = YES;
				ENABLE_TESTABILITY = YES;
				GCC_C_LANGUAGE_STANDARD = gnu99;
				GCC_DYNAMIC_NO_PIC = NO;
				GCC_NO_COMMON_BLOCKS = YES;
				GCC_OPTIMIZATION_LEVEL = 0;
				GCC_PREPROCESSOR_DEFINITIONS = (
					"DEBUG=1",
					"$(inherited)",
				);
				GCC_WARN_64_TO_32_BIT_CONVERSION = YES;
				GCC_WARN_ABOUT_RETURN_TYPE = YES_ERROR;
				GCC_WARN_UNDECLARED_SELECTOR = YES;
				GCC_WARN_UNINITIALIZED_AUTOS = YES_AGGRESSIVE;
				GCC_WARN_UNUSED_FUNCTION = YES;
				GCC_WARN_UNUSED_VARIABLE = YES;
				IPHONEOS_DEPLOYMENT_TARGET = 10.3;
				MTL_ENABLE_DEBUG_INFO = YES;
				ONLY_ACTIVE_ARCH = YES;
				SDKROOT = iphoneos;
				SWIFT_ACTIVE_COMPILATION_CONDITIONS = DEBUG;
				SWIFT_OPTIMIZATION_LEVEL = "-Onone";
			};
			name = Debug;
		};
		9FFAE2B81EBEBCEE00B69501 /* Release */ = {
			isa = XCBuildConfiguration;
			buildSettings = {
				ALWAYS_SEARCH_USER_PATHS = NO;
				CLANG_ANALYZER_NONNULL = YES;
				CLANG_ANALYZER_NUMBER_OBJECT_CONVERSION = YES_AGGRESSIVE;
				CLANG_CXX_LANGUAGE_STANDARD = "gnu++0x";
				CLANG_CXX_LIBRARY = "libc++";
				CLANG_ENABLE_MODULES = YES;
				CLANG_ENABLE_OBJC_ARC = YES;
				CLANG_WARN_BOOL_CONVERSION = YES;
				CLANG_WARN_CONSTANT_CONVERSION = YES;
				CLANG_WARN_DIRECT_OBJC_ISA_USAGE = YES_ERROR;
				CLANG_WARN_DOCUMENTATION_COMMENTS = YES;
				CLANG_WARN_EMPTY_BODY = YES;
				CLANG_WARN_ENUM_CONVERSION = YES;
				CLANG_WARN_INFINITE_RECURSION = YES;
				CLANG_WARN_INT_CONVERSION = YES;
				CLANG_WARN_OBJC_ROOT_CLASS = YES_ERROR;
				CLANG_WARN_SUSPICIOUS_MOVE = YES;
				CLANG_WARN_UNREACHABLE_CODE = YES;
				CLANG_WARN__DUPLICATE_METHOD_MATCH = YES;
				"CODE_SIGN_IDENTITY[sdk=iphoneos*]" = "iPhone Developer";
				COPY_PHASE_STRIP = NO;
				DEBUG_INFORMATION_FORMAT = "dwarf-with-dsym";
				ENABLE_NS_ASSERTIONS = NO;
				ENABLE_STRICT_OBJC_MSGSEND = YES;
				GCC_C_LANGUAGE_STANDARD = gnu99;
				GCC_NO_COMMON_BLOCKS = YES;
				GCC_WARN_64_TO_32_BIT_CONVERSION = YES;
				GCC_WARN_ABOUT_RETURN_TYPE = YES_ERROR;
				GCC_WARN_UNDECLARED_SELECTOR = YES;
				GCC_WARN_UNINITIALIZED_AUTOS = YES_AGGRESSIVE;
				GCC_WARN_UNUSED_FUNCTION = YES;
				GCC_WARN_UNUSED_VARIABLE = YES;
				IPHONEOS_DEPLOYMENT_TARGET = 10.3;
				MTL_ENABLE_DEBUG_INFO = NO;
				SDKROOT = iphoneos;
				SWIFT_OPTIMIZATION_LEVEL = "-Owholemodule";
				VALIDATE_PRODUCT = YES;
			};
			name = Release;
		};
		9FFAE2BA1EBEBCEE00B69501 /* Debug */ = {
			isa = XCBuildConfiguration;
			baseConfigurationReference = ABB3C461EFFB8C554B871675 /* Pods-SIMS.debug.xcconfig */;
			buildSettings = {
				ASSETCATALOG_COMPILER_APPICON_NAME = AppIcon;
				DEVELOPMENT_TEAM = RGTN4B5ZHY;
				INFOPLIST_FILE = SIMS/Info.plist;
				LD_RUNPATH_SEARCH_PATHS = "$(inherited) @executable_path/Frameworks";
				PRODUCT_BUNDLE_IDENTIFIER = com.onlifehealth.AlwaysOnOLHQA;
				PRODUCT_NAME = "$(TARGET_NAME)";
				SWIFT_VERSION = 3.0;
			};
			name = Debug;
		};
		9FFAE2BB1EBEBCEE00B69501 /* Release */ = {
			isa = XCBuildConfiguration;
			baseConfigurationReference = 0FE9041C93A89154024EDAC4 /* Pods-SIMS.release.xcconfig */;
			buildSettings = {
				ASSETCATALOG_COMPILER_APPICON_NAME = AppIcon;
				DEVELOPMENT_TEAM = RGTN4B5ZHY;
				INFOPLIST_FILE = SIMS/Info.plist;
				LD_RUNPATH_SEARCH_PATHS = "$(inherited) @executable_path/Frameworks";
				PRODUCT_BUNDLE_IDENTIFIER = com.onlifehealth.AlwaysOnOLHQA;
				PRODUCT_NAME = "$(TARGET_NAME)";
				SWIFT_VERSION = 3.0;
			};
			name = Release;
		};
		9FFAE2BD1EBEBCEE00B69501 /* Debug */ = {
			isa = XCBuildConfiguration;
			baseConfigurationReference = 44456AEA7432E2195057F973 /* Pods-SIMSTests.debug.xcconfig */;
			buildSettings = {
				ALWAYS_EMBED_SWIFT_STANDARD_LIBRARIES = YES;
				BUNDLE_LOADER = "$(TEST_HOST)";
				INFOPLIST_FILE = SIMSTests/Info.plist;
				LD_RUNPATH_SEARCH_PATHS = "$(inherited) @executable_path/Frameworks @loader_path/Frameworks";
				PRODUCT_BUNDLE_IDENTIFIER = sims.SIMSTests;
				PRODUCT_NAME = "$(TARGET_NAME)";
				SWIFT_VERSION = 3.0;
				TEST_HOST = "$(BUILT_PRODUCTS_DIR)/SIMS.app/SIMS";
			};
			name = Debug;
		};
		9FFAE2BE1EBEBCEE00B69501 /* Release */ = {
			isa = XCBuildConfiguration;
			baseConfigurationReference = EA9AAD83912E6E9237BE307C /* Pods-SIMSTests.release.xcconfig */;
			buildSettings = {
				ALWAYS_EMBED_SWIFT_STANDARD_LIBRARIES = YES;
				BUNDLE_LOADER = "$(TEST_HOST)";
				INFOPLIST_FILE = SIMSTests/Info.plist;
				LD_RUNPATH_SEARCH_PATHS = "$(inherited) @executable_path/Frameworks @loader_path/Frameworks";
				PRODUCT_BUNDLE_IDENTIFIER = sims.SIMSTests;
				PRODUCT_NAME = "$(TARGET_NAME)";
				SWIFT_VERSION = 3.0;
				TEST_HOST = "$(BUILT_PRODUCTS_DIR)/SIMS.app/SIMS";
			};
			name = Release;
		};
		9FFAE2C01EBEBCEE00B69501 /* Debug */ = {
			isa = XCBuildConfiguration;
			baseConfigurationReference = 0028E3487559201B5439AEA3 /* Pods-SIMSUITests.debug.xcconfig */;
			buildSettings = {
				ALWAYS_EMBED_SWIFT_STANDARD_LIBRARIES = YES;
				INFOPLIST_FILE = SIMSUITests/Info.plist;
				LD_RUNPATH_SEARCH_PATHS = "$(inherited) @executable_path/Frameworks @loader_path/Frameworks";
				PRODUCT_BUNDLE_IDENTIFIER = sims.SIMSUITests;
				PRODUCT_NAME = "$(TARGET_NAME)";
				SWIFT_VERSION = 3.0;
				TEST_TARGET_NAME = SIMS;
			};
			name = Debug;
		};
		9FFAE2C11EBEBCEE00B69501 /* Release */ = {
			isa = XCBuildConfiguration;
			baseConfigurationReference = F63654B43BFC21D26BDB1FAE /* Pods-SIMSUITests.release.xcconfig */;
			buildSettings = {
				ALWAYS_EMBED_SWIFT_STANDARD_LIBRARIES = YES;
				INFOPLIST_FILE = SIMSUITests/Info.plist;
				LD_RUNPATH_SEARCH_PATHS = "$(inherited) @executable_path/Frameworks @loader_path/Frameworks";
				PRODUCT_BUNDLE_IDENTIFIER = sims.SIMSUITests;
				PRODUCT_NAME = "$(TARGET_NAME)";
				SWIFT_VERSION = 3.0;
				TEST_TARGET_NAME = SIMS;
			};
			name = Release;
		};
/* End XCBuildConfiguration section */

/* Begin XCConfigurationList section */
		9FFAE28C1EBEBCED00B69501 /* Build configuration list for PBXProject "SIMS" */ = {
			isa = XCConfigurationList;
			buildConfigurations = (
				9FFAE2B71EBEBCEE00B69501 /* Debug */,
				9FFAE2B81EBEBCEE00B69501 /* Release */,
			);
			defaultConfigurationIsVisible = 0;
			defaultConfigurationName = Release;
		};
		9FFAE2B91EBEBCEE00B69501 /* Build configuration list for PBXNativeTarget "SIMS" */ = {
			isa = XCConfigurationList;
			buildConfigurations = (
				9FFAE2BA1EBEBCEE00B69501 /* Debug */,
				9FFAE2BB1EBEBCEE00B69501 /* Release */,
			);
			defaultConfigurationIsVisible = 0;
			defaultConfigurationName = Release;
		};
		9FFAE2BC1EBEBCEE00B69501 /* Build configuration list for PBXNativeTarget "SIMSTests" */ = {
			isa = XCConfigurationList;
			buildConfigurations = (
				9FFAE2BD1EBEBCEE00B69501 /* Debug */,
				9FFAE2BE1EBEBCEE00B69501 /* Release */,
			);
			defaultConfigurationIsVisible = 0;
			defaultConfigurationName = Release;
		};
		9FFAE2BF1EBEBCEE00B69501 /* Build configuration list for PBXNativeTarget "SIMSUITests" */ = {
			isa = XCConfigurationList;
			buildConfigurations = (
				9FFAE2C01EBEBCEE00B69501 /* Debug */,
				9FFAE2C11EBEBCEE00B69501 /* Release */,
			);
			defaultConfigurationIsVisible = 0;
			defaultConfigurationName = Release;
		};
/* End XCConfigurationList section */
	};
	rootObject = 9FFAE2891EBEBCED00B69501 /* Project object */;
}
